
Microsoft Visual Studio Solution File, Format Version 12.00
# Visual Studio Version 17
VisualStudioVersion = 17.0.31903.59
MinimumVisualStudioVersion = 10.0.40219.1
Project("{2150E333-8FDC-42A3-9474-1A3956D46DE8}") = "Services", "Services", "{F80BC03E-5F71-4BE3-B8CB-1DBF3057AA9C}"
EndProject
Project("{2150E333-8FDC-42A3-9474-1A3956D46DE8}") = "Catalog", "Catalog", "{EFA88EA1-21BE-457B-8985-425FDC09CED7}"
EndProject
Project("{FAE04EC0-301F-11D3-BF4B-00C04F79EFBC}") = "Catalog.API", "Services\Catalog\Catalog.API\Catalog.API.csproj", "{95BA4D38-709C-462C-92B6-A2463EACA754}"
EndProject
Project("{E53339B2-1760-4266-BCC7-CA923CBCF16C}") = "docker-compose", "docker-compose.dcproj", "{ED2D6871-28E7-4BBB-8A58-70740117C8B4}"
EndProject
Project("{2150E333-8FDC-42A3-9474-1A3956D46DE8}") = "Basket", "Basket", "{BEC7F32E-5E3F-4CD9-A739-D603874BE65A}"
EndProject
Project("{FAE04EC0-301F-11D3-BF4B-00C04F79EFBC}") = "Basket.API", "Services\Basket\Basket.API\Basket.API.csproj", "{00CEB2E9-A189-4D2B-8EC8-21D32B822F77}"
EndProject
Project("{2150E333-8FDC-42A3-9474-1A3956D46DE8}") = "Discount", "Discount", "{15E990F2-0B4B-4C12-A064-EDDB80E085DB}"
EndProject
Project("{FAE04EC0-301F-11D3-BF4B-00C04F79EFBC}") = "Discount.API", "Services\Discount\Discount.API\Discount.API.csproj", "{E9697164-95E3-4547-98E5-F23B02527EB6}"
EndProject
Project("{FAE04EC0-301F-11D3-BF4B-00C04F79EFBC}") = "Discount.Grpc", "Services\Discount\Discount.Grpc\Discount.Grpc.csproj", "{15DAAB64-809F-46B8-8692-9AD762B5605F}"
EndProject
Project("{2150E333-8FDC-42A3-9474-1A3956D46DE8}") = "Ordering", "Ordering", "{8ABEF3A1-35DE-482C-BA61-7ABF07009F49}"
EndProject
Project("{FAE04EC0-301F-11D3-BF4B-00C04F79EFBC}") = "Ordering.API", "Services\Ordering\Ordering.API\Ordering.API.csproj", "{1E52B9C0-424A-40C4-9FC5-A41F2FB975DD}"
EndProject
Project("{FAE04EC0-301F-11D3-BF4B-00C04F79EFBC}") = "Ordering.Infrastructure", "Services\Ordering\Ordering.Infrastructure\Ordering.Infrastructure.csproj", "{BF3313FF-4D21-4138-B65B-15D76F530477}"
EndProject
Project("{FAE04EC0-301F-11D3-BF4B-00C04F79EFBC}") = "Ordering.Domain", "Services\Ordering\Ordering.Domain\Ordering.Domain.csproj", "{D861C9B8-A8A3-4EFB-8724-F781827DA765}"
EndProject
Project("{FAE04EC0-301F-11D3-BF4B-00C04F79EFBC}") = "Ordering.Application", "Services\Ordering\Ordering.Application\Ordering.Application.csproj", "{0CECDC36-8F9C-489D-B708-8EFC520943CA}"
EndProject
Project("{2150E333-8FDC-42A3-9474-1A3956D46DE8}") = "BuildingBlocks", "BuildingBlocks", "{00C03096-18FD-4459-8B9B-EF526F721880}"
EndProject
Project("{FAE04EC0-301F-11D3-BF4B-00C04F79EFBC}") = "EventBus.Messages", "BuildingBlocks\EventBus.Messages\EventBus.Messages.csproj", "{0D1CD5C1-81D0-497B-AD60-97C89E919C08}"
EndProject
Project("{2150E333-8FDC-42A3-9474-1A3956D46DE8}") = "ApiGateways", "ApiGateways", "{614C24C6-1A6F-4722-B174-DF4214E7EC34}"
EndProject
Project("{FAE04EC0-301F-11D3-BF4B-00C04F79EFBC}") = "OcelotApiGw", "ApiGateways\OcelotApiGw\OcelotApiGw.csproj", "{ACBB3932-F923-4643-95AF-676F69C4E562}"
EndProject
Project("{FAE04EC0-301F-11D3-BF4B-00C04F79EFBC}") = "Shopping.Aggregator", "ApiGateways\Shopping.Aggregator\Shopping.Aggregator.csproj", "{6618D41B-4664-45D4-8C73-EE8080E2DA27}"
EndProject
Global
	GlobalSection(SolutionConfigurationPlatforms) = preSolution
		Debug|Any CPU = Debug|Any CPU
		Release|Any CPU = Release|Any CPU
	EndGlobalSection
	GlobalSection(SolutionProperties) = preSolution
		HideSolutionNode = FALSE
	EndGlobalSection
	GlobalSection(ProjectConfigurationPlatforms) = postSolution
		{95BA4D38-709C-462C-92B6-A2463EACA754}.Debug|Any CPU.ActiveCfg = Debug|Any CPU
		{95BA4D38-709C-462C-92B6-A2463EACA754}.Debug|Any CPU.Build.0 = Debug|Any CPU
		{95BA4D38-709C-462C-92B6-A2463EACA754}.Release|Any CPU.ActiveCfg = Release|Any CPU
		{95BA4D38-709C-462C-92B6-A2463EACA754}.Release|Any CPU.Build.0 = Release|Any CPU
		{ED2D6871-28E7-4BBB-8A58-70740117C8B4}.Debug|Any CPU.ActiveCfg = Debug|Any CPU
		{ED2D6871-28E7-4BBB-8A58-70740117C8B4}.Debug|Any CPU.Build.0 = Debug|Any CPU
		{ED2D6871-28E7-4BBB-8A58-70740117C8B4}.Release|Any CPU.ActiveCfg = Release|Any CPU
		{ED2D6871-28E7-4BBB-8A58-70740117C8B4}.Release|Any CPU.Build.0 = Release|Any CPU
		{00CEB2E9-A189-4D2B-8EC8-21D32B822F77}.Debug|Any CPU.ActiveCfg = Debug|Any CPU
		{00CEB2E9-A189-4D2B-8EC8-21D32B822F77}.Debug|Any CPU.Build.0 = Debug|Any CPU
		{00CEB2E9-A189-4D2B-8EC8-21D32B822F77}.Release|Any CPU.ActiveCfg = Release|Any CPU
		{00CEB2E9-A189-4D2B-8EC8-21D32B822F77}.Release|Any CPU.Build.0 = Release|Any CPU
		{E9697164-95E3-4547-98E5-F23B02527EB6}.Debug|Any CPU.ActiveCfg = Debug|Any CPU
		{E9697164-95E3-4547-98E5-F23B02527EB6}.Debug|Any CPU.Build.0 = Debug|Any CPU
		{E9697164-95E3-4547-98E5-F23B02527EB6}.Release|Any CPU.ActiveCfg = Release|Any CPU
		{E9697164-95E3-4547-98E5-F23B02527EB6}.Release|Any CPU.Build.0 = Release|Any CPU
		{15DAAB64-809F-46B8-8692-9AD762B5605F}.Debug|Any CPU.ActiveCfg = Debug|Any CPU
		{15DAAB64-809F-46B8-8692-9AD762B5605F}.Debug|Any CPU.Build.0 = Debug|Any CPU
		{15DAAB64-809F-46B8-8692-9AD762B5605F}.Release|Any CPU.ActiveCfg = Release|Any CPU
		{15DAAB64-809F-46B8-8692-9AD762B5605F}.Release|Any CPU.Build.0 = Release|Any CPU
		{1E52B9C0-424A-40C4-9FC5-A41F2FB975DD}.Debug|Any CPU.ActiveCfg = Debug|Any CPU
		{1E52B9C0-424A-40C4-9FC5-A41F2FB975DD}.Debug|Any CPU.Build.0 = Debug|Any CPU
		{1E52B9C0-424A-40C4-9FC5-A41F2FB975DD}.Release|Any CPU.ActiveCfg = Release|Any CPU
		{1E52B9C0-424A-40C4-9FC5-A41F2FB975DD}.Release|Any CPU.Build.0 = Release|Any CPU
		{BF3313FF-4D21-4138-B65B-15D76F530477}.Debug|Any CPU.ActiveCfg = Debug|Any CPU
		{BF3313FF-4D21-4138-B65B-15D76F530477}.Debug|Any CPU.Build.0 = Debug|Any CPU
		{BF3313FF-4D21-4138-B65B-15D76F530477}.Release|Any CPU.ActiveCfg = Release|Any CPU
		{BF3313FF-4D21-4138-B65B-15D76F530477}.Release|Any CPU.Build.0 = Release|Any CPU
		{D861C9B8-A8A3-4EFB-8724-F781827DA765}.Debug|Any CPU.ActiveCfg = Debug|Any CPU
		{D861C9B8-A8A3-4EFB-8724-F781827DA765}.Debug|Any CPU.Build.0 = Debug|Any CPU
		{D861C9B8-A8A3-4EFB-8724-F781827DA765}.Release|Any CPU.ActiveCfg = Release|Any CPU
		{D861C9B8-A8A3-4EFB-8724-F781827DA765}.Release|Any CPU.Build.0 = Release|Any CPU
		{0CECDC36-8F9C-489D-B708-8EFC520943CA}.Debug|Any CPU.ActiveCfg = Debug|Any CPU
		{0CECDC36-8F9C-489D-B708-8EFC520943CA}.Debug|Any CPU.Build.0 = Debug|Any CPU
		{0CECDC36-8F9C-489D-B708-8EFC520943CA}.Release|Any CPU.ActiveCfg = Release|Any CPU
		{0CECDC36-8F9C-489D-B708-8EFC520943CA}.Release|Any CPU.Build.0 = Release|Any CPU
		{0D1CD5C1-81D0-497B-AD60-97C89E919C08}.Debug|Any CPU.ActiveCfg = Debug|Any CPU
		{0D1CD5C1-81D0-497B-AD60-97C89E919C08}.Debug|Any CPU.Build.0 = Debug|Any CPU
		{0D1CD5C1-81D0-497B-AD60-97C89E919C08}.Release|Any CPU.ActiveCfg = Release|Any CPU
		{0D1CD5C1-81D0-497B-AD60-97C89E919C08}.Release|Any CPU.Build.0 = Release|Any CPU
		{ACBB3932-F923-4643-95AF-676F69C4E562}.Debug|Any CPU.ActiveCfg = Debug|Any CPU
		{ACBB3932-F923-4643-95AF-676F69C4E562}.Debug|Any CPU.Build.0 = Debug|Any CPU
		{ACBB3932-F923-4643-95AF-676F69C4E562}.Release|Any CPU.ActiveCfg = Release|Any CPU
		{ACBB3932-F923-4643-95AF-676F69C4E562}.Release|Any CPU.Build.0 = Release|Any CPU
		{6618D41B-4664-45D4-8C73-EE8080E2DA27}.Debug|Any CPU.ActiveCfg = Debug|Any CPU
		{6618D41B-4664-45D4-8C73-EE8080E2DA27}.Debug|Any CPU.Build.0 = Debug|Any CPU
		{6618D41B-4664-45D4-8C73-EE8080E2DA27}.Release|Any CPU.ActiveCfg = Release|Any CPU
		{6618D41B-4664-45D4-8C73-EE8080E2DA27}.Release|Any CPU.Build.0 = Release|Any CPU
	EndGlobalSection
	GlobalSection(NestedProjects) = preSolution
		{15E990F2-0B4B-4C12-A064-EDDB80E085DB} = {F80BC03E-5F71-4BE3-B8CB-1DBF3057AA9C}
		{EFA88EA1-21BE-457B-8985-425FDC09CED7} = {F80BC03E-5F71-4BE3-B8CB-1DBF3057AA9C}
		{95BA4D38-709C-462C-92B6-A2463EACA754} = {EFA88EA1-21BE-457B-8985-425FDC09CED7}
		{BEC7F32E-5E3F-4CD9-A739-D603874BE65A} = {F80BC03E-5F71-4BE3-B8CB-1DBF3057AA9C}
		{00CEB2E9-A189-4D2B-8EC8-21D32B822F77} = {BEC7F32E-5E3F-4CD9-A739-D603874BE65A}
		{E9697164-95E3-4547-98E5-F23B02527EB6} = {15E990F2-0B4B-4C12-A064-EDDB80E085DB}
		{15DAAB64-809F-46B8-8692-9AD762B5605F} = {15E990F2-0B4B-4C12-A064-EDDB80E085DB}
		{8ABEF3A1-35DE-482C-BA61-7ABF07009F49} = {F80BC03E-5F71-4BE3-B8CB-1DBF3057AA9C}
		{1E52B9C0-424A-40C4-9FC5-A41F2FB975DD} = {8ABEF3A1-35DE-482C-BA61-7ABF07009F49}
		{BF3313FF-4D21-4138-B65B-15D76F530477} = {8ABEF3A1-35DE-482C-BA61-7ABF07009F49}
		{D861C9B8-A8A3-4EFB-8724-F781827DA765} = {8ABEF3A1-35DE-482C-BA61-7ABF07009F49}
		{0CECDC36-8F9C-489D-B708-8EFC520943CA} = {8ABEF3A1-35DE-482C-BA61-7ABF07009F49}
		{0D1CD5C1-81D0-497B-AD60-97C89E919C08} = {00C03096-18FD-4459-8B9B-EF526F721880}
		{ACBB3932-F923-4643-95AF-676F69C4E562} = {614C24C6-1A6F-4722-B174-DF4214E7EC34}
		{6618D41B-4664-45D4-8C73-EE8080E2DA27} = {614C24C6-1A6F-4722-B174-DF4214E7EC34}
	EndGlobalSection
EndGlobal
